
Microsoft Visual Studio Solution File, Format Version 12.00
# Visual Studio Version 17
VisualStudioVersion = 17.4.33103.184
MinimumVisualStudioVersion = 10.0.40219.1
Project("{FAE04EC0-301F-11D3-BF4B-00C04F79EFBC}") = "SudokuSolver", "SudokuSolver\SudokuSolver.csproj", "{DA7EBD34-F31D-4FBF-90C9-EB928241B5E3}"
EndProject
Global
	GlobalSection(SolutionConfigurationPlatforms) = preSolution
		Debug|Any CPU = Debug|Any CPU
		Release|Any CPU = Release|Any CPU
	EndGlobalSection
	GlobalSection(ProjectConfigurationPlatforms) = postSolution
		{DA7EBD34-F31D-4FBF-90C9-EB928241B5E3}.Debug|Any CPU.ActiveCfg = Debug|Any CPU
		{DA7EBD34-F31D-4FBF-90C9-EB928241B5E3}.Debug|Any CPU.Build.0 = Debug|Any CPU
		{DA7EBD34-F31D-4FBF-90C9-EB928241B5E3}.Release|Any CPU.ActiveCfg = Release|Any CPU
		{DA7EBD34-F31D-4FBF-90C9-EB928241B5E3}.Release|Any CPU.Build.0 = Release|Any CPU
	EndGlobalSection
	GlobalSection(SolutionProperties) = preSolution
		HideSolutionNode = FALSE
	EndGlobalSection
	GlobalSection(ExtensibilityGlobals) = postSolution
		SolutionGuid = {A5C26174-F00B-4A3D-8499-77F4B9DCC659}
	EndGlobalSection
EndGlobal
